# This file is autogenerated, do not edit; changes may be undone by the next 'dep ensure'.


[[projects]]
  digest = "1:c9c336ca4936411a991d81f976dac8abf277ac7fd9d1c8ef706e94fc7948a0f7"
  name = "github.com/Microsoft/go-winio"
  packages = ["."]
  pruneopts = ""
  revision = "78439966b38d69bf38227fbf57ac8a6fee70f69a"
  version = "v0.4.5"

[[projects]]
  digest = "1:a9e4ff75555e4500e409dc87c1d708b090bb8dd77f889bbf266773f3dc23af70"
  name = "github.com/docker/distribution"
  packages = [
    "digest",
    "reference",
  ]
  pruneopts = ""
  revision = "48294d928ced5dd9b378f7fd7c6f5da3ff3f2c89"
  version = "v2.6.2"

[[projects]]
  digest = "1:a60acfb78bd12ce7b2101f0cc0bca8cd83db6aa60bf1e6ddfd33e83013083ddf"
  name = "github.com/docker/docker"
  packages = [
    "api/types",
    "api/types/blkiodev",
    "api/types/container",
    "api/types/events",
    "api/types/filters",
    "api/types/mount",
    "api/types/network",
    "api/types/reference",
    "api/types/registry",
    "api/types/strslice",
    "api/types/swarm",
    "api/types/time",
    "api/types/versions",
    "api/types/volume",
    "client",
    "pkg/stdcopy",
    "pkg/tlsconfig",
  ]
  pruneopts = ""
  revision = "092cba3727bb9b4a2f0e922cd6c0f93ea270e363"
  version = "v1.13.1"

[[projects]]
  digest = "1:a5ecc2e70260a87aa263811281465a5effcfae8a54bac319cee87c4625f04d63"
  name = "github.com/docker/go-connections"
  packages = [
    "nat",
    "sockets",
    "tlsconfig",
  ]
  pruneopts = ""
  revision = "3ede32e2033de7505e6500d6c868c2b9ed9f169d"
  version = "v0.3.0"

[[projects]]
  digest = "1:a406cae5eda48c01f8171bd47beb038751393f25ac06774ce04f9d6b0b703f17"
  name = "github.com/docker/go-units"
  packages = ["."]
  pruneopts = ""
  revision = "0dadbb0345b35ec7ef35e228dabb8de89a65bf52"
  version = "v0.3.2"

[[projects]]
  digest = "1:7365acd48986e205ccb8652cc746f09c8b7876030d53710ea6ef7d0bd0dcd7ca"
  name = "github.com/pkg/errors"
  packages = ["."]
  pruneopts = ""
  revision = "645ef00459ed84a119197bfb8d8205042c6df63d"
  version = "v0.8.0"

[[projects]]
  branch = "master"
  digest = "1:70ca15641aa31be55859a7f75ddef3ae384ae18068deab8274668a1a77d1e84a"
  name = "golang.org/x/net"
  packages = [
    "context",
    "context/ctxhttp",
    "proxy",
  ]
  pruneopts = ""
  revision = "4b14673ba32bee7f5ac0f990a48f033919fd418b"

[[projects]]
  branch = "master"
  digest = "1:40bef2257ff77064e61c91ca5bb0e15a1d498a48244c361065491a8447813968"
  name = "golang.org/x/sys"
  packages = ["windows"]
  pruneopts = ""
  revision = "3e3646d2c706c21b222a5dbcaa6db12b3e0cc765"

[solve-meta]
  analyzer-name = "dep"
  analyzer-version = 1
  input-imports = [
    "github.com/docker/docker/api/types",
    "github.com/docker/docker/api/types/container",
    "github.com/docker/docker/client",
    "github.com/docker/docker/pkg/stdcopy",
    "github.com/docker/go-connections/nat",
  ]
  solver-name = "gps-cdcl"
  solver-version = 1
